
Microsoft Visual Studio Solution File, Format Version 12.00
# Visual Studio Version 17
VisualStudioVersion = 17.2.32516.85
MinimumVisualStudioVersion = 10.0.40219.1
Project("{FAE04EC0-301F-11D3-BF4B-00C04F79EFBC}") = "WpfApp2TypeDiabet", "WpfApp2TypeDiabet\WpfApp2TypeDiabet.csproj", "{F5BDF341-C2A6-41EA-8052-8171DC3497ED}"
EndProject
Global
	GlobalSection(SolutionConfigurationPlatforms) = preSolution
		Debug|Any CPU = Debug|Any CPU
		Release|Any CPU = Release|Any CPU
	EndGlobalSection
	GlobalSection(ProjectConfigurationPlatforms) = postSolution
		{F5BDF341-C2A6-41EA-8052-8171DC3497ED}.Debug|Any CPU.ActiveCfg = Debug|Any CPU
		{F5BDF341-C2A6-41EA-8052-8171DC3497ED}.Debug|Any CPU.Build.0 = Debug|Any CPU
		{F5BDF341-C2A6-41EA-8052-8171DC3497ED}.Release|Any CPU.ActiveCfg = Release|Any CPU
		{F5BDF341-C2A6-41EA-8052-8171DC3497ED}.Release|Any CPU.Build.0 = Release|Any CPU
	EndGlobalSection
	GlobalSection(SolutionProperties) = preSolution
		HideSolutionNode = FALSE
	EndGlobalSection
	GlobalSection(ExtensibilityGlobals) = postSolution
		SolutionGuid = {F608D936-236A-4070-8795-4EB81BCCCB2D}
	EndGlobalSection
EndGlobal
